
Microsoft Visual Studio Solution File, Format Version 12.00
# Visual Studio 15
Project("{FAE04EC0-301F-11D3-BF4B-00C04F79EFBC}") = "Assembly-CSharp", "Assembly-CSharp.csproj", "{82B31C53-E302-A51A-A08E-1E0D576A4084}"
EndProject
Project("{FAE04EC0-301F-11D3-BF4B-00C04F79EFBC}") = "Assembly-CSharp-Editor", "Assembly-CSharp-Editor.csproj", "{11AE0B6B-2857-F1C8-7A38-3D8AF264F61E}"
EndProject
Global
	GlobalSection(SolutionConfigurationPlatforms) = preSolution
		Debug|Any CPU = Debug|Any CPU
		Release|Any CPU = Release|Any CPU
	EndGlobalSection
	GlobalSection(ProjectConfigurationPlatforms) = postSolution
		{82B31C53-E302-A51A-A08E-1E0D576A4084}.Debug|Any CPU.ActiveCfg = Debug|Any CPU
		{82B31C53-E302-A51A-A08E-1E0D576A4084}.Debug|Any CPU.Build.0 = Debug|Any CPU
		{82B31C53-E302-A51A-A08E-1E0D576A4084}.Release|Any CPU.ActiveCfg = Release|Any CPU
		{82B31C53-E302-A51A-A08E-1E0D576A4084}.Release|Any CPU.Build.0 = Release|Any CPU
		{11AE0B6B-2857-F1C8-7A38-3D8AF264F61E}.Debug|Any CPU.ActiveCfg = Debug|Any CPU
		{11AE0B6B-2857-F1C8-7A38-3D8AF264F61E}.Debug|Any CPU.Build.0 = Debug|Any CPU
		{11AE0B6B-2857-F1C8-7A38-3D8AF264F61E}.Release|Any CPU.ActiveCfg = Release|Any CPU
		{11AE0B6B-2857-F1C8-7A38-3D8AF264F61E}.Release|Any CPU.Build.0 = Release|Any CPU
	EndGlobalSection
	GlobalSection(SolutionProperties) = preSolution
		HideSolutionNode = FALSE
	EndGlobalSection
EndGlobal
